
Microsoft Visual Studio Solution File, Format Version 12.00
# Visual Studio 15
VisualStudioVersion = 15.0.28306.52
MinimumVisualStudioVersion = 10.0.40219.1
Project("{FAE04EC0-301F-11D3-BF4B-00C04F79EFBC}") = "Recipies.Objects", "Recipies.Objects\Recipies.Objects.csproj", "{E603475A-116C-4BFF-8D56-482CBA5D634F}"
EndProject
Project("{FAE04EC0-301F-11D3-BF4B-00C04F79EFBC}") = "Tester", "Tester\Tester.csproj", "{3D1975B2-6730-4AB9-94B7-4265324EBB9C}"
EndProject
Project("{FAE04EC0-301F-11D3-BF4B-00C04F79EFBC}") = "Recipies.API", "Recipies.API\Recipies.API.csproj", "{0BC362EE-2085-4524-9416-35512E2698F6}"
EndProject
Global
	GlobalSection(SolutionConfigurationPlatforms) = preSolution
		Debug|Any CPU = Debug|Any CPU
		Release|Any CPU = Release|Any CPU
	EndGlobalSection
	GlobalSection(ProjectConfigurationPlatforms) = postSolution
		{E603475A-116C-4BFF-8D56-482CBA5D634F}.Debug|Any CPU.ActiveCfg = Debug|Any CPU
		{E603475A-116C-4BFF-8D56-482CBA5D634F}.Debug|Any CPU.Build.0 = Debug|Any CPU
		{E603475A-116C-4BFF-8D56-482CBA5D634F}.Release|Any CPU.ActiveCfg = Release|Any CPU
		{E603475A-116C-4BFF-8D56-482CBA5D634F}.Release|Any CPU.Build.0 = Release|Any CPU
		{3D1975B2-6730-4AB9-94B7-4265324EBB9C}.Debug|Any CPU.ActiveCfg = Debug|Any CPU
		{3D1975B2-6730-4AB9-94B7-4265324EBB9C}.Debug|Any CPU.Build.0 = Debug|Any CPU
		{3D1975B2-6730-4AB9-94B7-4265324EBB9C}.Release|Any CPU.ActiveCfg = Release|Any CPU
		{3D1975B2-6730-4AB9-94B7-4265324EBB9C}.Release|Any CPU.Build.0 = Release|Any CPU
		{0BC362EE-2085-4524-9416-35512E2698F6}.Debug|Any CPU.ActiveCfg = Debug|Any CPU
		{0BC362EE-2085-4524-9416-35512E2698F6}.Debug|Any CPU.Build.0 = Debug|Any CPU
		{0BC362EE-2085-4524-9416-35512E2698F6}.Release|Any CPU.ActiveCfg = Release|Any CPU
		{0BC362EE-2085-4524-9416-35512E2698F6}.Release|Any CPU.Build.0 = Release|Any CPU
	EndGlobalSection
	GlobalSection(SolutionProperties) = preSolution
		HideSolutionNode = FALSE
	EndGlobalSection
	GlobalSection(ExtensibilityGlobals) = postSolution
		SolutionGuid = {1227F5BB-02BC-4FD0-8ED5-35198B34E36D}
	EndGlobalSection
EndGlobal
